
Microsoft Visual Studio Solution File, Format Version 12.00
# Visual Studio Version 17
VisualStudioVersion = 17.14.36518.9 d17.14
MinimumVisualStudioVersion = 10.0.40219.1
Project("{FAE04EC0-301F-11D3-BF4B-00C04F79EFBC}") = "Secuencial", "Secuencial\Secuencial.csproj", "{BA598D8D-25C8-4C44-A002-5D7A195DA7F1}"
EndProject
Project("{FAE04EC0-301F-11D3-BF4B-00C04F79EFBC}") = "Paralelo", "Paralelo\Paralelo.csproj", "{F8DC504D-021B-42E7-A4ED-C6EAE9832BC5}"
EndProject
Global
	GlobalSection(SolutionConfigurationPlatforms) = preSolution
		Debug|Any CPU = Debug|Any CPU
		Release|Any CPU = Release|Any CPU
	EndGlobalSection
	GlobalSection(ProjectConfigurationPlatforms) = postSolution
		{BA598D8D-25C8-4C44-A002-5D7A195DA7F1}.Debug|Any CPU.ActiveCfg = Debug|Any CPU
		{BA598D8D-25C8-4C44-A002-5D7A195DA7F1}.Debug|Any CPU.Build.0 = Debug|Any CPU
		{BA598D8D-25C8-4C44-A002-5D7A195DA7F1}.Release|Any CPU.ActiveCfg = Release|Any CPU
		{BA598D8D-25C8-4C44-A002-5D7A195DA7F1}.Release|Any CPU.Build.0 = Release|Any CPU
		{F8DC504D-021B-42E7-A4ED-C6EAE9832BC5}.Debug|Any CPU.ActiveCfg = Debug|Any CPU
		{F8DC504D-021B-42E7-A4ED-C6EAE9832BC5}.Debug|Any CPU.Build.0 = Debug|Any CPU
		{F8DC504D-021B-42E7-A4ED-C6EAE9832BC5}.Release|Any CPU.ActiveCfg = Release|Any CPU
		{F8DC504D-021B-42E7-A4ED-C6EAE9832BC5}.Release|Any CPU.Build.0 = Release|Any CPU
	EndGlobalSection
	GlobalSection(SolutionProperties) = preSolution
		HideSolutionNode = FALSE
	EndGlobalSection
	GlobalSection(ExtensibilityGlobals) = postSolution
		SolutionGuid = {76DF92F0-27EE-4C67-818B-8477D83868EB}
	EndGlobalSection
EndGlobal
